
Microsoft Visual Studio Solution File, Format Version 12.00
# Visual Studio 15
VisualStudioVersion = 15.0.26403.0
MinimumVisualStudioVersion = 10.0.40219.1
Project("{FAE04EC0-301F-11D3-BF4B-00C04F79EFBC}") = "twitterApp.Web", "twitterApp.Web\twitterApp.Web.csproj", "{131C3F42-9F83-49BC-BFEA-65A029D3AACC}"
EndProject
Project("{FAE04EC0-301F-11D3-BF4B-00C04F79EFBC}") = "twitterApp.Models", "twitterApp.Models\twitterApp.Models.csproj", "{604A558F-4ECC-43E6-914A-88FCBE813DA8}"
EndProject
Project("{FAE04EC0-301F-11D3-BF4B-00C04F79EFBC}") = "twitterApp.Services", "twitterApp.Services\twitterApp.Services.csproj", "{40D55D69-B955-4D17-AC3A-E3658CD69B58}"
EndProject
Global
	GlobalSection(SolutionConfigurationPlatforms) = preSolution
		Debug|Any CPU = Debug|Any CPU
		Release|Any CPU = Release|Any CPU
	EndGlobalSection
	GlobalSection(ProjectConfigurationPlatforms) = postSolution
		{131C3F42-9F83-49BC-BFEA-65A029D3AACC}.Debug|Any CPU.ActiveCfg = Debug|Any CPU
		{131C3F42-9F83-49BC-BFEA-65A029D3AACC}.Debug|Any CPU.Build.0 = Debug|Any CPU
		{131C3F42-9F83-49BC-BFEA-65A029D3AACC}.Release|Any CPU.ActiveCfg = Release|Any CPU
		{131C3F42-9F83-49BC-BFEA-65A029D3AACC}.Release|Any CPU.Build.0 = Release|Any CPU
		{604A558F-4ECC-43E6-914A-88FCBE813DA8}.Debug|Any CPU.ActiveCfg = Debug|Any CPU
		{604A558F-4ECC-43E6-914A-88FCBE813DA8}.Debug|Any CPU.Build.0 = Debug|Any CPU
		{604A558F-4ECC-43E6-914A-88FCBE813DA8}.Release|Any CPU.ActiveCfg = Release|Any CPU
		{604A558F-4ECC-43E6-914A-88FCBE813DA8}.Release|Any CPU.Build.0 = Release|Any CPU
		{40D55D69-B955-4D17-AC3A-E3658CD69B58}.Debug|Any CPU.ActiveCfg = Debug|Any CPU
		{40D55D69-B955-4D17-AC3A-E3658CD69B58}.Debug|Any CPU.Build.0 = Debug|Any CPU
		{40D55D69-B955-4D17-AC3A-E3658CD69B58}.Release|Any CPU.ActiveCfg = Release|Any CPU
		{40D55D69-B955-4D17-AC3A-E3658CD69B58}.Release|Any CPU.Build.0 = Release|Any CPU
	EndGlobalSection
	GlobalSection(SolutionProperties) = preSolution
		HideSolutionNode = FALSE
	EndGlobalSection
EndGlobal
